// !$*UTF8*$!
{
	archiveVersion = 1;
	classes = {
	};
	objectVersion = 56;
	objects = {

/* Begin PBXBuildFile section */
		631CA96628807F3C00B4C8E3 /* HeatMap.swift in Sources */ = {isa = PBXBuildFile; fileRef = 631CA96528807F3C00B4C8E3 /* HeatMap.swift */; };
		63718F3D287DE85500F15132 /* SwiftChartsDemoApp.swift in Sources */ = {isa = PBXBuildFile; fileRef = 63718F3C287DE85500F15132 /* SwiftChartsDemoApp.swift */; };
		63718F3F287DE85500F15132 /* DashboardView.swift in Sources */ = {isa = PBXBuildFile; fileRef = 63718F3E287DE85500F15132 /* DashboardView.swift */; };
		63718F41287DE85700F15132 /* Assets.xcassets in Resources */ = {isa = PBXBuildFile; fileRef = 63718F40287DE85700F15132 /* Assets.xcassets */; };
		63718F44287DE85700F15132 /* Preview Assets.xcassets in Resources */ = {isa = PBXBuildFile; fileRef = 63718F43287DE85700F15132 /* Preview Assets.xcassets */; };
		63718F4F287DEA2000F15132 /* ChartData.swift in Sources */ = {isa = PBXBuildFile; fileRef = 63718F4E287DEA2000F15132 /* ChartData.swift */; };
		63718F52287DEA5000F15132 /* EnergyConsumption.swift in Sources */ = {isa = PBXBuildFile; fileRef = 63718F51287DEA5000F15132 /* EnergyConsumption.swift */; };
		63718F54287DEA7600F15132 /* HeartBeat.swift in Sources */ = {isa = PBXBuildFile; fileRef = 63718F53287DEA7600F15132 /* HeartBeat.swift */; };
		63718F56287DEA8500F15132 /* Person.swift in Sources */ = {isa = PBXBuildFile; fileRef = 63718F55287DEA8500F15132 /* Person.swift */; };
		63718F58287DEA9900F15132 /* Production.swift in Sources */ = {isa = PBXBuildFile; fileRef = 63718F57287DEA9900F15132 /* Production.swift */; };
		63718F5A287DEAA800F15132 /* Sale.swift in Sources */ = {isa = PBXBuildFile; fileRef = 63718F59287DEAA800F15132 /* Sale.swift */; };
		63718F60287DEB3300F15132 /* LineChartView.swift in Sources */ = {isa = PBXBuildFile; fileRef = 63718F5F287DEB3300F15132 /* LineChartView.swift */; };
		63718F63287DEBCB00F15132 /* AreaChartView.swift in Sources */ = {isa = PBXBuildFile; fileRef = 63718F62287DEBCB00F15132 /* AreaChartView.swift */; };
		63718F66287DEBFA00F15132 /* BarChartView.swift in Sources */ = {isa = PBXBuildFile; fileRef = 63718F65287DEBFA00F15132 /* BarChartView.swift */; };
		63718F6B287DEC2F00F15132 /* MixedChartView.swift in Sources */ = {isa = PBXBuildFile; fileRef = 63718F6A287DEC2F00F15132 /* MixedChartView.swift */; };
		63718F6E287DEC5D00F15132 /* PointChartView.swift in Sources */ = {isa = PBXBuildFile; fileRef = 63718F6D287DEC5D00F15132 /* PointChartView.swift */; };
		63718F71287DECB200F15132 /* OthersChartView.swift in Sources */ = {isa = PBXBuildFile; fileRef = 63718F70287DECB200F15132 /* OthersChartView.swift */; };
		63718F73287DF12900F15132 /* AreaChartDoubleView.swift in Sources */ = {isa = PBXBuildFile; fileRef = 63718F72287DF12900F15132 /* AreaChartDoubleView.swift */; };
		63C6A7E8287F2C88004E1CAD /* SingleLineChartView.swift in Sources */ = {isa = PBXBuildFile; fileRef = 63C6A7E7287F2C88004E1CAD /* SingleLineChartView.swift */; };
		63C6A7EA287F2CB7004E1CAD /* ChartInterpolationMethod.swift in Sources */ = {isa = PBXBuildFile; fileRef = 63C6A7E9287F2CB7004E1CAD /* ChartInterpolationMethod.swift */; };
		63C6A7ED287F2DD9004E1CAD /* AccessibilityHelpers.swift in Sources */ = {isa = PBXBuildFile; fileRef = 63C6A7EC287F2DD9004E1CAD /* AccessibilityHelpers.swift */; };
		63C6A7F0287F31E4004E1CAD /* SoundBars.swift in Sources */ = {isa = PBXBuildFile; fileRef = 63C6A7EF287F31E4004E1CAD /* SoundBars.swift */; };
		63C6A7F2287F321B004E1CAD /* MicrophoneMonitor.swift in Sources */ = {isa = PBXBuildFile; fileRef = 63C6A7F1287F321B004E1CAD /* MicrophoneMonitor.swift */; };
		63C6A7F5287F3920004E1CAD /* LinePlot.swift in Sources */ = {isa = PBXBuildFile; fileRef = 63C6A7F4287F3920004E1CAD /* LinePlot.swift */; };
		63C6A7F8287F3A76004E1CAD /* GradientLine.swift in Sources */ = {isa = PBXBuildFile; fileRef = 63C6A7F7287F3A76004E1CAD /* GradientLine.swift */; };
		63C6A7FB287F3C2F004E1CAD /* VectorField.swift in Sources */ = {isa = PBXBuildFile; fileRef = 63C6A7FA287F3C2F004E1CAD /* VectorField.swift */; };
		63C6A7FD287F3D10004E1CAD /* Grid.swift in Sources */ = {isa = PBXBuildFile; fileRef = 63C6A7FC287F3D10004E1CAD /* Grid.swift */; };
/* End PBXBuildFile section */

/* Begin PBXFileReference section */
		631CA96528807F3C00B4C8E3 /* HeatMap.swift */ = {isa = PBXFileReference; lastKnownFileType = sourcecode.swift; path = HeatMap.swift; sourceTree = "<group>"; };
		63718F39287DE85500F15132 /* SwiftChartsDemo.app */ = {isa = PBXFileReference; explicitFileType = wrapper.application; includeInIndex = 0; path = SwiftChartsDemo.app; sourceTree = BUILT_PRODUCTS_DIR; };
		63718F3C287DE85500F15132 /* SwiftChartsDemoApp.swift */ = {isa = PBXFileReference; lastKnownFileType = sourcecode.swift; path = SwiftChartsDemoApp.swift; sourceTree = "<group>"; };
		63718F3E287DE85500F15132 /* DashboardView.swift */ = {isa = PBXFileReference; lastKnownFileType = sourcecode.swift; path = DashboardView.swift; sourceTree = "<group>"; };
		63718F40287DE85700F15132 /* Assets.xcassets */ = {isa = PBXFileReference; lastKnownFileType = folder.assetcatalog; path = Assets.xcassets; sourceTree = "<group>"; };
		63718F43287DE85700F15132 /* Preview Assets.xcassets */ = {isa = PBXFileReference; lastKnownFileType = folder.assetcatalog; path = "Preview Assets.xcassets"; sourceTree = "<group>"; };
		63718F4E287DEA2000F15132 /* ChartData.swift */ = {isa = PBXFileReference; lastKnownFileType = sourcecode.swift; path = ChartData.swift; sourceTree = "<group>"; };
		63718F51287DEA5000F15132 /* EnergyConsumption.swift */ = {isa = PBXFileReference; lastKnownFileType = sourcecode.swift; path = EnergyConsumption.swift; sourceTree = "<group>"; };
		63718F53287DEA7600F15132 /* HeartBeat.swift */ = {isa = PBXFileReference; lastKnownFileType = sourcecode.swift; path = HeartBeat.swift; sourceTree = "<group>"; };
		63718F55287DEA8500F15132 /* Person.swift */ = {isa = PBXFileReference; lastKnownFileType = sourcecode.swift; path = Person.swift; sourceTree = "<group>"; };
		63718F57287DEA9900F15132 /* Production.swift */ = {isa = PBXFileReference; lastKnownFileType = sourcecode.swift; path = Production.swift; sourceTree = "<group>"; };
		63718F59287DEAA800F15132 /* Sale.swift */ = {isa = PBXFileReference; lastKnownFileType = sourcecode.swift; path = Sale.swift; sourceTree = "<group>"; };
		63718F5F287DEB3300F15132 /* LineChartView.swift */ = {isa = PBXFileReference; lastKnownFileType = sourcecode.swift; path = LineChartView.swift; sourceTree = "<group>"; };
		63718F62287DEBCB00F15132 /* AreaChartView.swift */ = {isa = PBXFileReference; lastKnownFileType = sourcecode.swift; path = AreaChartView.swift; sourceTree = "<group>"; };
		63718F65287DEBFA00F15132 /* BarChartView.swift */ = {isa = PBXFileReference; lastKnownFileType = sourcecode.swift; path = BarChartView.swift; sourceTree = "<group>"; };
		63718F6A287DEC2F00F15132 /* MixedChartView.swift */ = {isa = PBXFileReference; lastKnownFileType = sourcecode.swift; path = MixedChartView.swift; sourceTree = "<group>"; };
		63718F6D287DEC5D00F15132 /* PointChartView.swift */ = {isa = PBXFileReference; lastKnownFileType = sourcecode.swift; path = PointChartView.swift; sourceTree = "<group>"; };
		63718F70287DECB200F15132 /* OthersChartView.swift */ = {isa = PBXFileReference; lastKnownFileType = sourcecode.swift; path = OthersChartView.swift; sourceTree = "<group>"; };
		63718F72287DF12900F15132 /* AreaChartDoubleView.swift */ = {isa = PBXFileReference; lastKnownFileType = sourcecode.swift; path = AreaChartDoubleView.swift; sourceTree = "<group>"; };
		63C6A7E7287F2C88004E1CAD /* SingleLineChartView.swift */ = {isa = PBXFileReference; lastKnownFileType = sourcecode.swift; path = SingleLineChartView.swift; sourceTree = "<group>"; };
		63C6A7E9287F2CB7004E1CAD /* ChartInterpolationMethod.swift */ = {isa = PBXFileReference; lastKnownFileType = sourcecode.swift; path = ChartInterpolationMethod.swift; sourceTree = "<group>"; };
		63C6A7EC287F2DD9004E1CAD /* AccessibilityHelpers.swift */ = {isa = PBXFileReference; lastKnownFileType = sourcecode.swift; path = AccessibilityHelpers.swift; sourceTree = "<group>"; };
		63C6A7EF287F31E4004E1CAD /* SoundBars.swift */ = {isa = PBXFileReference; lastKnownFileType = sourcecode.swift; path = SoundBars.swift; sourceTree = "<group>"; };
		63C6A7F1287F321B004E1CAD /* MicrophoneMonitor.swift */ = {isa = PBXFileReference; lastKnownFileType = sourcecode.swift; path = MicrophoneMonitor.swift; sourceTree = "<group>"; };
		63C6A7F4287F3920004E1CAD /* LinePlot.swift */ = {isa = PBXFileReference; lastKnownFileType = sourcecode.swift; path = LinePlot.swift; sourceTree = "<group>"; };
		63C6A7F7287F3A76004E1CAD /* GradientLine.swift */ = {isa = PBXFileReference; lastKnownFileType = sourcecode.swift; path = GradientLine.swift; sourceTree = "<group>"; };
		63C6A7FA287F3C2F004E1CAD /* VectorField.swift */ = {isa = PBXFileReference; lastKnownFileType = sourcecode.swift; path = VectorField.swift; sourceTree = "<group>"; };
		63C6A7FC287F3D10004E1CAD /* Grid.swift */ = {isa = PBXFileReference; lastKnownFileType = sourcecode.swift; path = Grid.swift; sourceTree = "<group>"; };
/* End PBXFileReference section */

/* Begin PBXFrameworksBuildPhase section */
		63718F36287DE85500F15132 /* Frameworks */ = {
			isa = PBXFrameworksBuildPhase;
			buildActionMask = 2147483647;
			files = (
			);
			runOnlyForDeploymentPostprocessing = 0;
		};
/* End PBXFrameworksBuildPhase section */

/* Begin PBXGroup section */
		631CA96428807F2E00B4C8E3 /* HeatMap */ = {
			isa = PBXGroup;
			children = (
				631CA96528807F3C00B4C8E3 /* HeatMap.swift */,
			);
			path = HeatMap;
			sourceTree = "<group>";
		};
		63718F30287DE85500F15132 = {
			isa = PBXGroup;
			children = (
				63718F3B287DE85500F15132 /* SwiftChartsDemo */,
				63718F3A287DE85500F15132 /* Products */,
			);
			sourceTree = "<group>";
		};
		63718F3A287DE85500F15132 /* Products */ = {
			isa = PBXGroup;
			children = (
				63718F39287DE85500F15132 /* SwiftChartsDemo.app */,
			);
			name = Products;
			sourceTree = "<group>";
		};
		63718F3B287DE85500F15132 /* SwiftChartsDemo */ = {
			isa = PBXGroup;
			children = (
				63718F4A287DE87E00F15132 /* Application */,
				63718F4C287DE9F300F15132 /* Common */,
				63718F5B287DEAD900F15132 /* Modules */,
				63718F40287DE85700F15132 /* Assets.xcassets */,
				63718F42287DE85700F15132 /* Preview Content */,
			);
			path = SwiftChartsDemo;
			sourceTree = "<group>";
		};
		63718F42287DE85700F15132 /* Preview Content */ = {
			isa = PBXGroup;
			children = (
				63718F43287DE85700F15132 /* Preview Assets.xcassets */,
			);
			path = "Preview Content";
			sourceTree = "<group>";
		};
		63718F4A287DE87E00F15132 /* Application */ = {
			isa = PBXGroup;
			children = (
				63718F3C287DE85500F15132 /* SwiftChartsDemoApp.swift */,
			);
			path = Application;
			sourceTree = "<group>";
		};
		63718F4B287DE8DC00F15132 /* Dashboard */ = {
			isa = PBXGroup;
			children = (
				63718F3E287DE85500F15132 /* DashboardView.swift */,
			);
			path = Dashboard;
			sourceTree = "<group>";
		};
		63718F4C287DE9F300F15132 /* Common */ = {
			isa = PBXGroup;
			children = (
				63C6A7EB287F2DC3004E1CAD /* Utilities */,
				63718F50287DEA3700F15132 /* Models */,
				63718F4D287DEA1000F15132 /* Data */,
			);
			path = Common;
			sourceTree = "<group>";
		};
		63718F4D287DEA1000F15132 /* Data */ = {
			isa = PBXGroup;
			children = (
				63718F4E287DEA2000F15132 /* ChartData.swift */,
				63C6A7FC287F3D10004E1CAD /* Grid.swift */,
			);
			path = Data;
			sourceTree = "<group>";
		};
		63718F50287DEA3700F15132 /* Models */ = {
			isa = PBXGroup;
			children = (
				63718F51287DEA5000F15132 /* EnergyConsumption.swift */,
				63718F53287DEA7600F15132 /* HeartBeat.swift */,
				63718F55287DEA8500F15132 /* Person.swift */,
				63718F57287DEA9900F15132 /* Production.swift */,
				63718F59287DEAA800F15132 /* Sale.swift */,
				63C6A7E9287F2CB7004E1CAD /* ChartInterpolationMethod.swift */,
			);
			path = Models;
			sourceTree = "<group>";
		};
		63718F5B287DEAD900F15132 /* Modules */ = {
			isa = PBXGroup;
			children = (
				631CA96428807F2E00B4C8E3 /* HeatMap */,
				63C6A7F9287F3C1A004E1CAD /* VectorField */,
				63C6A7F6287F3A68004E1CAD /* GradientLine */,
				63C6A7F3287F3912004E1CAD /* LinePlot */,
				63C6A7EE287F31CD004E1CAD /* SoundBarChart */,
				63C6A7E6287F2C63004E1CAD /* SingleLineChart */,
				63718F4B287DE8DC00F15132 /* Dashboard */,
				63718F6F287DEC9B00F15132 /* MountPriceChart */,
				63718F6C287DEC4A00F15132 /* PointChart */,
				63718F67287DEC1200F15132 /* MixedChart */,
				63718F64287DEBD900F15132 /* BarChart */,
				63718F61287DEBBB00F15132 /* AreaChart */,
				63718F5C287DEAFC00F15132 /* LineChart */,
			);
			path = Modules;
			sourceTree = "<group>";
		};
		63718F5C287DEAFC00F15132 /* LineChart */ = {
			isa = PBXGroup;
			children = (
				63718F5F287DEB3300F15132 /* LineChartView.swift */,
			);
			path = LineChart;
			sourceTree = "<group>";
		};
		63718F61287DEBBB00F15132 /* AreaChart */ = {
			isa = PBXGroup;
			children = (
				63718F62287DEBCB00F15132 /* AreaChartView.swift */,
				63718F72287DF12900F15132 /* AreaChartDoubleView.swift */,
			);
			path = AreaChart;
			sourceTree = "<group>";
		};
		63718F64287DEBD900F15132 /* BarChart */ = {
			isa = PBXGroup;
			children = (
				63718F65287DEBFA00F15132 /* BarChartView.swift */,
			);
			path = BarChart;
			sourceTree = "<group>";
		};
		63718F67287DEC1200F15132 /* MixedChart */ = {
			isa = PBXGroup;
			children = (
				63718F6A287DEC2F00F15132 /* MixedChartView.swift */,
			);
			path = MixedChart;
			sourceTree = "<group>";
		};
		63718F6C287DEC4A00F15132 /* PointChart */ = {
			isa = PBXGroup;
			children = (
				63718F6D287DEC5D00F15132 /* PointChartView.swift */,
			);
			path = PointChart;
			sourceTree = "<group>";
		};
		63718F6F287DEC9B00F15132 /* MountPriceChart */ = {
			isa = PBXGroup;
			children = (
				63718F70287DECB200F15132 /* OthersChartView.swift */,
			);
			path = MountPriceChart;
			sourceTree = "<group>";
		};
		63C6A7E6287F2C63004E1CAD /* SingleLineChart */ = {
			isa = PBXGroup;
			children = (
				63C6A7E7287F2C88004E1CAD /* SingleLineChartView.swift */,
			);
			path = SingleLineChart;
			sourceTree = "<group>";
		};
		63C6A7EB287F2DC3004E1CAD /* Utilities */ = {
			isa = PBXGroup;
			children = (
				63C6A7EC287F2DD9004E1CAD /* AccessibilityHelpers.swift */,
				63C6A7F1287F321B004E1CAD /* MicrophoneMonitor.swift */,
			);
			path = Utilities;
			sourceTree = "<group>";
		};
		63C6A7EE287F31CD004E1CAD /* SoundBarChart */ = {
			isa = PBXGroup;
			children = (
				63C6A7EF287F31E4004E1CAD /* SoundBars.swift */,
			);
			path = SoundBarChart;
			sourceTree = "<group>";
		};
		63C6A7F3287F3912004E1CAD /* LinePlot */ = {
			isa = PBXGroup;
			children = (
				63C6A7F4287F3920004E1CAD /* LinePlot.swift */,
			);
			path = LinePlot;
			sourceTree = "<group>";
		};
		63C6A7F6287F3A68004E1CAD /* GradientLine */ = {
			isa = PBXGroup;
			children = (
				63C6A7F7287F3A76004E1CAD /* GradientLine.swift */,
			);
			path = GradientLine;
			sourceTree = "<group>";
		};
		63C6A7F9287F3C1A004E1CAD /* VectorField */ = {
			isa = PBXGroup;
			children = (
				63C6A7FA287F3C2F004E1CAD /* VectorField.swift */,
			);
			path = VectorField;
			sourceTree = "<group>";
		};
/* End PBXGroup section */

/* Begin PBXNativeTarget section */
		63718F38287DE85500F15132 /* SwiftChartsDemo */ = {
			isa = PBXNativeTarget;
			buildConfigurationList = 63718F47287DE85700F15132 /* Build configuration list for PBXNativeTarget "SwiftChartsDemo" */;
			buildPhases = (
				63718F35287DE85500F15132 /* Sources */,
				63718F36287DE85500F15132 /* Frameworks */,
				63718F37287DE85500F15132 /* Resources */,
			);
			buildRules = (
			);
			dependencies = (
			);
			name = SwiftChartsDemo;
			productName = SwiftChartsDemo;
			productReference = 63718F39287DE85500F15132 /* SwiftChartsDemo.app */;
			productType = "com.apple.product-type.application";
		};
/* End PBXNativeTarget section */

/* Begin PBXProject section */
		63718F31287DE85500F15132 /* Project object */ = {
			isa = PBXProject;
			attributes = {
				BuildIndependentTargetsInParallel = 1;
				LastSwiftUpdateCheck = 1400;
				LastUpgradeCheck = 1400;
				TargetAttributes = {
					63718F38287DE85500F15132 = {
						CreatedOnToolsVersion = 14.0;
					};
				};
			};
			buildConfigurationList = 63718F34287DE85500F15132 /* Build configuration list for PBXProject "SwiftChartsDemo" */;
			compatibilityVersion = "Xcode 14.0";
			developmentRegion = en;
			hasScannedForEncodings = 0;
			knownRegions = (
				en,
				Base,
			);
			mainGroup = 63718F30287DE85500F15132;
			productRefGroup = 63718F3A287DE85500F15132 /* Products */;
			projectDirPath = "";
			projectRoot = "";
			targets = (
				63718F38287DE85500F15132 /* SwiftChartsDemo */,
			);
		};
/* End PBXProject section */

/* Begin PBXResourcesBuildPhase section */
		63718F37287DE85500F15132 /* Resources */ = {
			isa = PBXResourcesBuildPhase;
			buildActionMask = 2147483647;
			files = (
				63718F44287DE85700F15132 /* Preview Assets.xcassets in Resources */,
				63718F41287DE85700F15132 /* Assets.xcassets in Resources */,
			);
			runOnlyForDeploymentPostprocessing = 0;
		};
/* End PBXResourcesBuildPhase section */

/* Begin PBXSourcesBuildPhase section */
		63718F35287DE85500F15132 /* Sources */ = {
			isa = PBXSourcesBuildPhase;
			buildActionMask = 2147483647;
			files = (
				63C6A7F5287F3920004E1CAD /* LinePlot.swift in Sources */,
				63718F6E287DEC5D00F15132 /* PointChartView.swift in Sources */,
				63718F56287DEA8500F15132 /* Person.swift in Sources */,
				63C6A7ED287F2DD9004E1CAD /* AccessibilityHelpers.swift in Sources */,
				63718F73287DF12900F15132 /* AreaChartDoubleView.swift in Sources */,
				63C6A7EA287F2CB7004E1CAD /* ChartInterpolationMethod.swift in Sources */,
				63718F3F287DE85500F15132 /* DashboardView.swift in Sources */,
				63C6A7F8287F3A76004E1CAD /* GradientLine.swift in Sources */,
				63718F5A287DEAA800F15132 /* Sale.swift in Sources */,
				63C6A7FB287F3C2F004E1CAD /* VectorField.swift in Sources */,
				631CA96628807F3C00B4C8E3 /* HeatMap.swift in Sources */,
				63718F4F287DEA2000F15132 /* ChartData.swift in Sources */,
				63C6A7FD287F3D10004E1CAD /* Grid.swift in Sources */,
				63718F63287DEBCB00F15132 /* AreaChartView.swift in Sources */,
				63718F3D287DE85500F15132 /* SwiftChartsDemoApp.swift in Sources */,
				63718F71287DECB200F15132 /* OthersChartView.swift in Sources */,
				63718F60287DEB3300F15132 /* LineChartView.swift in Sources */,
				63718F58287DEA9900F15132 /* Production.swift in Sources */,
				63C6A7E8287F2C88004E1CAD /* SingleLineChartView.swift in Sources */,
				63718F52287DEA5000F15132 /* EnergyConsumption.swift in Sources */,
				63718F54287DEA7600F15132 /* HeartBeat.swift in Sources */,
				63718F66287DEBFA00F15132 /* BarChartView.swift in Sources */,
				63718F6B287DEC2F00F15132 /* MixedChartView.swift in Sources */,
				63C6A7F2287F321B004E1CAD /* MicrophoneMonitor.swift in Sources */,
				63C6A7F0287F31E4004E1CAD /* SoundBars.swift in Sources */,
			);
			runOnlyForDeploymentPostprocessing = 0;
		};
/* End PBXSourcesBuildPhase section */

/* Begin XCBuildConfiguration section */
		63718F45287DE85700F15132 /* Debug */ = {
			isa = XCBuildConfiguration;
			buildSettings = {
				ALWAYS_SEARCH_USER_PATHS = NO;
				CLANG_ANALYZER_NONNULL = YES;
				CLANG_ANALYZER_NUMBER_OBJECT_CONVERSION = YES_AGGRESSIVE;
				CLANG_CXX_LANGUAGE_STANDARD = "gnu++17";
				CLANG_ENABLE_MODULES = YES;
				CLANG_ENABLE_OBJC_ARC = YES;
				CLANG_ENABLE_OBJC_WEAK = YES;
				CLANG_WARN_BLOCK_CAPTURE_AUTORELEASING = YES;
				CLANG_WARN_BOOL_CONVERSION = YES;
				CLANG_WARN_COMMA = YES;
				CLANG_WARN_CONSTANT_CONVERSION = YES;
				CLANG_WARN_DEPRECATED_OBJC_IMPLEMENTATIONS = YES;
				CLANG_WARN_DIRECT_OBJC_ISA_USAGE = YES_ERROR;
				CLANG_WARN_DOCUMENTATION_COMMENTS = YES;
				CLANG_WARN_EMPTY_BODY = YES;
				CLANG_WARN_ENUM_CONVERSION = YES;
				CLANG_WARN_INFINITE_RECURSION = YES;
				CLANG_WARN_INT_CONVERSION = YES;
				CLANG_WARN_NON_LITERAL_NULL_CONVERSION = YES;
				CLANG_WARN_OBJC_IMPLICIT_RETAIN_SELF = YES;
				CLANG_WARN_OBJC_LITERAL_CONVERSION = YES;
				CLANG_WARN_OBJC_ROOT_CLASS = YES_ERROR;
				CLANG_WARN_QUOTED_INCLUDE_IN_FRAMEWORK_HEADER = YES;
				CLANG_WARN_RANGE_LOOP_ANALYSIS = YES;
				CLANG_WARN_STRICT_PROTOTYPES = YES;
				CLANG_WARN_SUSPICIOUS_MOVE = YES;
				CLANG_WARN_UNGUARDED_AVAILABILITY = YES_AGGRESSIVE;
				CLANG_WARN_UNREACHABLE_CODE = YES;
				CLANG_WARN__DUPLICATE_METHOD_MATCH = YES;
				COPY_PHASE_STRIP = NO;
				DEBUG_INFORMATION_FORMAT = dwarf;
				ENABLE_STRICT_OBJC_MSGSEND = YES;
				ENABLE_TESTABILITY = YES;
				GCC_C_LANGUAGE_STANDARD = gnu11;
				GCC_DYNAMIC_NO_PIC = NO;
				GCC_NO_COMMON_BLOCKS = YES;
				GCC_OPTIMIZATION_LEVEL = 0;
				GCC_PREPROCESSOR_DEFINITIONS = (
					"DEBUG=1",
					"$(inherited)",
				);
				GCC_WARN_64_TO_32_BIT_CONVERSION = YES;
				GCC_WARN_ABOUT_RETURN_TYPE = YES_ERROR;
				GCC_WARN_UNDECLARED_SELECTOR = YES;
				GCC_WARN_UNINITIALIZED_AUTOS = YES_AGGRESSIVE;
				GCC_WARN_UNUSED_FUNCTION = YES;
				GCC_WARN_UNUSED_VARIABLE = YES;
				IPHONEOS_DEPLOYMENT_TARGET = 16.0;
				MTL_ENABLE_DEBUG_INFO = INCLUDE_SOURCE;
				MTL_FAST_MATH = YES;
				ONLY_ACTIVE_ARCH = YES;
				SDKROOT = iphoneos;
				SWIFT_ACTIVE_COMPILATION_CONDITIONS = DEBUG;
				SWIFT_OPTIMIZATION_LEVEL = "-Onone";
			};
			name = Debug;
		};
		63718F46287DE85700F15132 /* Release */ = {
			isa = XCBuildConfiguration;
			buildSettings = {
				ALWAYS_SEARCH_USER_PATHS = NO;
				CLANG_ANALYZER_NONNULL = YES;
				CLANG_ANALYZER_NUMBER_OBJECT_CONVERSION = YES_AGGRESSIVE;
				CLANG_CXX_LANGUAGE_STANDARD = "gnu++17";
				CLANG_ENABLE_MODULES = YES;
				CLANG_ENABLE_OBJC_ARC = YES;
				CLANG_ENABLE_OBJC_WEAK = YES;
				CLANG_WARN_BLOCK_CAPTURE_AUTORELEASING = YES;
				CLANG_WARN_BOOL_CONVERSION = YES;
				CLANG_WARN_COMMA = YES;
				CLANG_WARN_CONSTANT_CONVERSION = YES;
				CLANG_WARN_DEPRECATED_OBJC_IMPLEMENTATIONS = YES;
				CLANG_WARN_DIRECT_OBJC_ISA_USAGE = YES_ERROR;
				CLANG_WARN_DOCUMENTATION_COMMENTS = YES;
				CLANG_WARN_EMPTY_BODY = YES;
				CLANG_WARN_ENUM_CONVERSION = YES;
				CLANG_WARN_INFINITE_RECURSION = YES;
				CLANG_WARN_INT_CONVERSION = YES;
				CLANG_WARN_NON_LITERAL_NULL_CONVERSION = YES;
				CLANG_WARN_OBJC_IMPLICIT_RETAIN_SELF = YES;
				CLANG_WARN_OBJC_LITERAL_CONVERSION = YES;
				CLANG_WARN_OBJC_ROOT_CLASS = YES_ERROR;
				CLANG_WARN_QUOTED_INCLUDE_IN_FRAMEWORK_HEADER = YES;
				CLANG_WARN_RANGE_LOOP_ANALYSIS = YES;
				CLANG_WARN_STRICT_PROTOTYPES = YES;
				CLANG_WARN_SUSPICIOUS_MOVE = YES;
				CLANG_WARN_UNGUARDED_AVAILABILITY = YES_AGGRESSIVE;
				CLANG_WARN_UNREACHABLE_CODE = YES;
				CLANG_WARN__DUPLICATE_METHOD_MATCH = YES;
				COPY_PHASE_STRIP = NO;
				DEBUG_INFORMATION_FORMAT = "dwarf-with-dsym";
				ENABLE_NS_ASSERTIONS = NO;
				ENABLE_STRICT_OBJC_MSGSEND = YES;
				GCC_C_LANGUAGE_STANDARD = gnu11;
				GCC_NO_COMMON_BLOCKS = YES;
				GCC_WARN_64_TO_32_BIT_CONVERSION = YES;
				GCC_WARN_ABOUT_RETURN_TYPE = YES_ERROR;
				GCC_WARN_UNDECLARED_SELECTOR = YES;
				GCC_WARN_UNINITIALIZED_AUTOS = YES_AGGRESSIVE;
				GCC_WARN_UNUSED_FUNCTION = YES;
				GCC_WARN_UNUSED_VARIABLE = YES;
				IPHONEOS_DEPLOYMENT_TARGET = 16.0;
				MTL_ENABLE_DEBUG_INFO = NO;
				MTL_FAST_MATH = YES;
				SDKROOT = iphoneos;
				SWIFT_COMPILATION_MODE = wholemodule;
				SWIFT_OPTIMIZATION_LEVEL = "-O";
				VALIDATE_PRODUCT = YES;
			};
			name = Release;
		};
		63718F48287DE85700F15132 /* Debug */ = {
			isa = XCBuildConfiguration;
			buildSettings = {
				ASSETCATALOG_COMPILER_APPICON_NAME = AppIcon;
				ASSETCATALOG_COMPILER_GLOBAL_ACCENT_COLOR_NAME = AccentColor;
				CODE_SIGN_STYLE = Automatic;
				CURRENT_PROJECT_VERSION = 1;
				DEVELOPMENT_ASSET_PATHS = "\"SwiftChartsDemo/Preview Content\"";
				DEVELOPMENT_TEAM = 7SHG7Z59SZ;
				ENABLE_PREVIEWS = YES;
				GENERATE_INFOPLIST_FILE = YES;
				INFOPLIST_KEY_NSMicrophoneUsageDescription = "To show micrphone input as a graph";
				INFOPLIST_KEY_UIApplicationSceneManifest_Generation = YES;
				INFOPLIST_KEY_UIApplicationSupportsIndirectInputEvents = YES;
				INFOPLIST_KEY_UILaunchScreen_Generation = YES;
				INFOPLIST_KEY_UISupportedInterfaceOrientations_iPad = "UIInterfaceOrientationPortrait UIInterfaceOrientationPortraitUpsideDown UIInterfaceOrientationLandscapeLeft UIInterfaceOrientationLandscapeRight";
				INFOPLIST_KEY_UISupportedInterfaceOrientations_iPhone = "UIInterfaceOrientationPortrait UIInterfaceOrientationLandscapeLeft UIInterfaceOrientationLandscapeRight";
				LD_RUNPATH_SEARCH_PATHS = (
					"$(inherited)",
					"@executable_path/Frameworks",
				);
				MARKETING_VERSION = 1.0;
				PRODUCT_BUNDLE_IDENTIFIER = com.davidfejes.SwiftChartsDemo;
				PRODUCT_NAME = "$(TARGET_NAME)";
				SWIFT_EMIT_LOC_STRINGS = YES;
				SWIFT_VERSION = 5.0;
				TARGETED_DEVICE_FAMILY = "1,2";
			};
			name = Debug;
		};
		63718F49287DE85700F15132 /* Release */ = {
			isa = XCBuildConfiguration;
			buildSettings = {
				ASSETCATALOG_COMPILER_APPICON_NAME = AppIcon;
				ASSETCATALOG_COMPILER_GLOBAL_ACCENT_COLOR_NAME = AccentColor;
				CODE_SIGN_STYLE = Automatic;
				CURRENT_PROJECT_VERSION = 1;
				DEVELOPMENT_ASSET_PATHS = "\"SwiftChartsDemo/Preview Content\"";
				DEVELOPMENT_TEAM = 7SHG7Z59SZ;
				ENABLE_PREVIEWS = YES;
				GENERATE_INFOPLIST_FILE = YES;
				INFOPLIST_KEY_NSMicrophoneUsageDescription = "To show micrphone input as a graph";
				INFOPLIST_KEY_UIApplicationSceneManifest_Generation = YES;
				INFOPLIST_KEY_UIApplicationSupportsIndirectInputEvents = YES;
				INFOPLIST_KEY_UILaunchScreen_Generation = YES;
				INFOPLIST_KEY_UISupportedInterfaceOrientations_iPad = "UIInterfaceOrientationPortrait UIInterfaceOrientationPortraitUpsideDown UIInterfaceOrientationLandscapeLeft UIInterfaceOrientationLandscapeRight";
				INFOPLIST_KEY_UISupportedInterfaceOrientations_iPhone = "UIInterfaceOrientationPortrait UIInterfaceOrientationLandscapeLeft UIInterfaceOrientationLandscapeRight";
				LD_RUNPATH_SEARCH_PATHS = (
					"$(inherited)",
					"@executable_path/Frameworks",
				);
				MARKETING_VERSION = 1.0;
				PRODUCT_BUNDLE_IDENTIFIER = com.davidfejes.SwiftChartsDemo;
				PRODUCT_NAME = "$(TARGET_NAME)";
				SWIFT_EMIT_LOC_STRINGS = YES;
				SWIFT_VERSION = 5.0;
				TARGETED_DEVICE_FAMILY = "1,2";
			};
			name = Release;
		};
/* End XCBuildConfiguration section */

/* Begin XCConfigurationList section */
		63718F34287DE85500F15132 /* Build configuration list for PBXProject "SwiftChartsDemo" */ = {
			isa = XCConfigurationList;
			buildConfigurations = (
				63718F45287DE85700F15132 /* Debug */,
				63718F46287DE85700F15132 /* Release */,
			);
			defaultConfigurationIsVisible = 0;
			defaultConfigurationName = Release;
		};
		63718F47287DE85700F15132 /* Build configuration list for PBXNativeTarget "SwiftChartsDemo" */ = {
			isa = XCConfigurationList;
			buildConfigurations = (
				63718F48287DE85700F15132 /* Debug */,
				63718F49287DE85700F15132 /* Release */,
			);
			defaultConfigurationIsVisible = 0;
			defaultConfigurationName = Release;
		};
/* End XCConfigurationList section */
	};
	rootObject = 63718F31287DE85500F15132 /* Project object */;
}
